
Microsoft Visual Studio Solution File, Format Version 12.00
# Visual Studio Version 16
VisualStudioVersion = 16.0.30204.135
MinimumVisualStudioVersion = 10.0.40219.1
Project("{FAE04EC0-301F-11D3-BF4B-00C04F79EFBC}") = "DMTransport", "DMTransport.csproj", "{123A8045-F885-4F4B-8CA8-AD02B421774A}"
	ProjectSection(ProjectDependencies) = postProject
		{3356815E-58B8-4E2A-AD1A-E2198BFB9197} = {3356815E-58B8-4E2A-AD1A-E2198BFB9197}
	EndProjectSection
EndProject
Project("{FAE04EC0-301F-11D3-BF4B-00C04F79EFBC}") = "dmt-csharp-test", "dmt-csharp-test\dmt-csharp-test.csproj", "{FC5DF240-7F13-4CF8-9638-33093F43F4FD}"
	ProjectSection(ProjectDependencies) = postProject
		{123A8045-F885-4F4B-8CA8-AD02B421774A} = {123A8045-F885-4F4B-8CA8-AD02B421774A}
	EndProjectSection
EndProject
Project("{8BC9CEB8-8B4A-11D0-8D11-00A0C91BC942}") = "enet_dll", "enet_dll\enet_dll.vcxproj", "{3356815E-58B8-4E2A-AD1A-E2198BFB9197}"
EndProject
Global
	GlobalSection(SolutionConfigurationPlatforms) = preSolution
		Debug|Any CPU = Debug|Any CPU
		Debug|x64 = Debug|x64
		Debug|x86 = Debug|x86
		Release|Any CPU = Release|Any CPU
		Release|x64 = Release|x64
		Release|x86 = Release|x86
	EndGlobalSection
	GlobalSection(ProjectConfigurationPlatforms) = postSolution
		{123A8045-F885-4F4B-8CA8-AD02B421774A}.Debug|Any CPU.ActiveCfg = Debug|Any CPU
		{123A8045-F885-4F4B-8CA8-AD02B421774A}.Debug|Any CPU.Build.0 = Debug|Any CPU
		{123A8045-F885-4F4B-8CA8-AD02B421774A}.Debug|x64.ActiveCfg = Debug|Any CPU
		{123A8045-F885-4F4B-8CA8-AD02B421774A}.Debug|x64.Build.0 = Debug|Any CPU
		{123A8045-F885-4F4B-8CA8-AD02B421774A}.Debug|x86.ActiveCfg = Debug|Any CPU
		{123A8045-F885-4F4B-8CA8-AD02B421774A}.Debug|x86.Build.0 = Debug|Any CPU
		{123A8045-F885-4F4B-8CA8-AD02B421774A}.Release|Any CPU.ActiveCfg = Release|Any CPU
		{123A8045-F885-4F4B-8CA8-AD02B421774A}.Release|Any CPU.Build.0 = Release|Any CPU
		{123A8045-F885-4F4B-8CA8-AD02B421774A}.Release|x64.ActiveCfg = Release|Any CPU
		{123A8045-F885-4F4B-8CA8-AD02B421774A}.Release|x64.Build.0 = Release|Any CPU
		{123A8045-F885-4F4B-8CA8-AD02B421774A}.Release|x86.ActiveCfg = Release|Any CPU
		{123A8045-F885-4F4B-8CA8-AD02B421774A}.Release|x86.Build.0 = Release|Any CPU
		{FC5DF240-7F13-4CF8-9638-33093F43F4FD}.Debug|Any CPU.ActiveCfg = Debug|Any CPU
		{FC5DF240-7F13-4CF8-9638-33093F43F4FD}.Debug|Any CPU.Build.0 = Debug|Any CPU
		{FC5DF240-7F13-4CF8-9638-33093F43F4FD}.Debug|x64.ActiveCfg = Debug|Any CPU
		{FC5DF240-7F13-4CF8-9638-33093F43F4FD}.Debug|x64.Build.0 = Debug|Any CPU
		{FC5DF240-7F13-4CF8-9638-33093F43F4FD}.Debug|x86.ActiveCfg = Debug|Any CPU
		{FC5DF240-7F13-4CF8-9638-33093F43F4FD}.Debug|x86.Build.0 = Debug|Any CPU
		{FC5DF240-7F13-4CF8-9638-33093F43F4FD}.Release|Any CPU.ActiveCfg = Release|Any CPU
		{FC5DF240-7F13-4CF8-9638-33093F43F4FD}.Release|Any CPU.Build.0 = Release|Any CPU
		{FC5DF240-7F13-4CF8-9638-33093F43F4FD}.Release|x64.ActiveCfg = Release|Any CPU
		{FC5DF240-7F13-4CF8-9638-33093F43F4FD}.Release|x64.Build.0 = Release|Any CPU
		{FC5DF240-7F13-4CF8-9638-33093F43F4FD}.Release|x86.ActiveCfg = Release|Any CPU
		{FC5DF240-7F13-4CF8-9638-33093F43F4FD}.Release|x86.Build.0 = Release|Any CPU
		{3356815E-58B8-4E2A-AD1A-E2198BFB9197}.Debug|Any CPU.ActiveCfg = Debug|Win32
		{3356815E-58B8-4E2A-AD1A-E2198BFB9197}.Debug|x64.ActiveCfg = Debug|x64
		{3356815E-58B8-4E2A-AD1A-E2198BFB9197}.Debug|x64.Build.0 = Debug|x64
		{3356815E-58B8-4E2A-AD1A-E2198BFB9197}.Debug|x86.ActiveCfg = Debug|Win32
		{3356815E-58B8-4E2A-AD1A-E2198BFB9197}.Debug|x86.Build.0 = Debug|Win32
		{3356815E-58B8-4E2A-AD1A-E2198BFB9197}.Release|Any CPU.ActiveCfg = Release|Win32
		{3356815E-58B8-4E2A-AD1A-E2198BFB9197}.Release|x64.ActiveCfg = Release|x64
		{3356815E-58B8-4E2A-AD1A-E2198BFB9197}.Release|x64.Build.0 = Release|x64
		{3356815E-58B8-4E2A-AD1A-E2198BFB9197}.Release|x86.ActiveCfg = Release|Win32
		{3356815E-58B8-4E2A-AD1A-E2198BFB9197}.Release|x86.Build.0 = Release|Win32
	EndGlobalSection
	GlobalSection(SolutionProperties) = preSolution
		HideSolutionNode = FALSE
	EndGlobalSection
	GlobalSection(ExtensibilityGlobals) = postSolution
		SolutionGuid = {464D6A6B-EF80-480F-BDD6-B80541EF6D9D}
	EndGlobalSection
EndGlobal
